
Microsoft Visual Studio Solution File, Format Version 12.00
# Visual Studio Version 17
VisualStudioVersion = 17.8.34330.188
MinimumVisualStudioVersion = 10.0.40219.1
Project("{9A19103F-16F7-4668-BE54-9A1E7A4F7556}") = "EfCoreVsDapper", "EfCoreVsDapper\EfCoreVsDapper\EfCoreVsDapper.csproj", "{4D44929A-316E-468E-8175-5222D75D4B8B}"
EndProject
Project("{9A19103F-16F7-4668-BE54-9A1E7A4F7556}") = "EfCoreVsDapper.Client", "EfCoreVsDapper\EfCoreVsDapper.Client\EfCoreVsDapper.Client.csproj", "{F09CE33F-3D21-48FA-AEA6-64C9325A1532}"
EndProject
Project("{2150E333-8FDC-42A3-9474-1A3956D46DE8}") = "Solution Items", "Solution Items", "{7393BBD4-9D5A-46AA-9A01-255181882633}"
	ProjectSection(SolutionItems) = preProject
		.editorconfig = .editorconfig
		global.json = global.json
	EndProjectSection
EndProject
Global
	GlobalSection(SolutionConfigurationPlatforms) = preSolution
		Debug|Any CPU = Debug|Any CPU
		Release|Any CPU = Release|Any CPU
	EndGlobalSection
	GlobalSection(ProjectConfigurationPlatforms) = postSolution
		{4D44929A-316E-468E-8175-5222D75D4B8B}.Debug|Any CPU.ActiveCfg = Debug|Any CPU
		{4D44929A-316E-468E-8175-5222D75D4B8B}.Debug|Any CPU.Build.0 = Debug|Any CPU
		{4D44929A-316E-468E-8175-5222D75D4B8B}.Release|Any CPU.ActiveCfg = Release|Any CPU
		{4D44929A-316E-468E-8175-5222D75D4B8B}.Release|Any CPU.Build.0 = Release|Any CPU
		{F09CE33F-3D21-48FA-AEA6-64C9325A1532}.Debug|Any CPU.ActiveCfg = Debug|Any CPU
		{F09CE33F-3D21-48FA-AEA6-64C9325A1532}.Debug|Any CPU.Build.0 = Debug|Any CPU
		{F09CE33F-3D21-48FA-AEA6-64C9325A1532}.Release|Any CPU.ActiveCfg = Release|Any CPU
		{F09CE33F-3D21-48FA-AEA6-64C9325A1532}.Release|Any CPU.Build.0 = Release|Any CPU
	EndGlobalSection
	GlobalSection(SolutionProperties) = preSolution
		HideSolutionNode = FALSE
	EndGlobalSection
	GlobalSection(ExtensibilityGlobals) = postSolution
		SolutionGuid = {E7BF0AB9-3809-46FB-9D91-445E83232B0D}
	EndGlobalSection
EndGlobal
